
Microsoft Visual Studio Solution File, Format Version 12.00
# Visual Studio Version 16
VisualStudioVersion = 16.0.31205.134
MinimumVisualStudioVersion = 10.0.40219.1
Project("{9A19103F-16F7-4668-BE54-9A1E7A4F7556}") = "SyntaxVisualizer", "WinFormsApp1\SyntaxVisualizer.csproj", "{79D9ABA8-F615-4079-8306-52EA3CE4AA50}"
EndProject
Global
	GlobalSection(SolutionConfigurationPlatforms) = preSolution
		Debug|Any CPU = Debug|Any CPU
		Release|Any CPU = Release|Any CPU
	EndGlobalSection
	GlobalSection(ProjectConfigurationPlatforms) = postSolution
		{79D9ABA8-F615-4079-8306-52EA3CE4AA50}.Debug|Any CPU.ActiveCfg = Debug|Any CPU
		{79D9ABA8-F615-4079-8306-52EA3CE4AA50}.Debug|Any CPU.Build.0 = Debug|Any CPU
		{79D9ABA8-F615-4079-8306-52EA3CE4AA50}.Release|Any CPU.ActiveCfg = Release|Any CPU
		{79D9ABA8-F615-4079-8306-52EA3CE4AA50}.Release|Any CPU.Build.0 = Release|Any CPU
	EndGlobalSection
	GlobalSection(SolutionProperties) = preSolution
		HideSolutionNode = FALSE
	EndGlobalSection
	GlobalSection(ExtensibilityGlobals) = postSolution
		SolutionGuid = {DA7A8993-D163-4538-A2B6-EB468F73CBD5}
	EndGlobalSection
EndGlobal
